
Microsoft Visual Studio Solution File, Format Version 12.00
# Visual Studio Version 17
VisualStudioVersion = 17.7.34221.43
MinimumVisualStudioVersion = 10.0.40219.1
Project("{FAE04EC0-301F-11D3-BF4B-00C04F79EFBC}") = "ProjeHasarTakip", "ProjeHasarTakip\ProjeHasarTakip.csproj", "{07A34C27-C27E-44F6-9700-381CB03907D8}"
EndProject
Global
	GlobalSection(SolutionConfigurationPlatforms) = preSolution
		Debug|Any CPU = Debug|Any CPU
		Release|Any CPU = Release|Any CPU
	EndGlobalSection
	GlobalSection(ProjectConfigurationPlatforms) = postSolution
		{07A34C27-C27E-44F6-9700-381CB03907D8}.Debug|Any CPU.ActiveCfg = Debug|Any CPU
		{07A34C27-C27E-44F6-9700-381CB03907D8}.Debug|Any CPU.Build.0 = Debug|Any CPU
		{07A34C27-C27E-44F6-9700-381CB03907D8}.Release|Any CPU.ActiveCfg = Release|Any CPU
		{07A34C27-C27E-44F6-9700-381CB03907D8}.Release|Any CPU.Build.0 = Release|Any CPU
	EndGlobalSection
	GlobalSection(SolutionProperties) = preSolution
		HideSolutionNode = FALSE
	EndGlobalSection
	GlobalSection(ExtensibilityGlobals) = postSolution
		SolutionGuid = {DF0E478F-B018-4BB8-8F02-8605207B0908}
	EndGlobalSection
EndGlobal
